
Microsoft Visual Studio Solution File, Format Version 12.00
# Visual Studio Version 16
VisualStudioVersion = 16.0.32002.261
MinimumVisualStudioVersion = 10.0.40219.1
Project("{FAE04EC0-301F-11D3-BF4B-00C04F79EFBC}") = "Hotel-API", "Hotel-API\Hotel-API.csproj", "{FB378196-757F-4F52-A373-D2875D86C8D1}"
EndProject
Global
	GlobalSection(SolutionConfigurationPlatforms) = preSolution
		Debug|Any CPU = Debug|Any CPU
		Release|Any CPU = Release|Any CPU
	EndGlobalSection
	GlobalSection(ProjectConfigurationPlatforms) = postSolution
		{FB378196-757F-4F52-A373-D2875D86C8D1}.Debug|Any CPU.ActiveCfg = Debug|Any CPU
		{FB378196-757F-4F52-A373-D2875D86C8D1}.Debug|Any CPU.Build.0 = Debug|Any CPU
		{FB378196-757F-4F52-A373-D2875D86C8D1}.Release|Any CPU.ActiveCfg = Release|Any CPU
		{FB378196-757F-4F52-A373-D2875D86C8D1}.Release|Any CPU.Build.0 = Release|Any CPU
	EndGlobalSection
	GlobalSection(SolutionProperties) = preSolution
		HideSolutionNode = FALSE
	EndGlobalSection
	GlobalSection(ExtensibilityGlobals) = postSolution
		SolutionGuid = {6A9E971C-132D-4589-BF3B-423D0B726F12}
	EndGlobalSection
EndGlobal
